{
  "name": "web-proxy",
  "version": "1.0.0",
  "lockfileVersion": 1,
  "requires": true,
  "dependencies": {
    "colors": {
      "version": "1.4.0",
      "resolved": "https://registry.npm.taobao.org/colors/download/colors-1.4.0.tgz",
      "integrity": "sha1-xQSRR51MG9rtLJztMs98fcI2D3g="
    },
    "connect": {
      "version": "3.7.0",
      "resolved": "https://registry.npm.taobao.org/connect/download/connect-3.7.0.tgz",
      "integrity": "sha1-XUk0iRDKpeB6AYALAw0MNfIEhPg=",
      "requires": {
        "debug": "2.6.9",
        "finalhandler": "1.1.2",
        "parseurl": "~1.3.3",
        "utils-merge": "1.0.1"
      },
      "dependencies": {
        "debug": {
          "version": "2.6.9",
          "resolved": "https://registry.npm.taobao.org/debug/download/debug-2.6.9.tgz",
          "integrity": "sha1-XRKFFd8TT/Mn6QpMk/Tgd6U2NB8=",
          "requires": {
            "ms": "2.0.0"
          }
        },
        "ms": {
          "version": "2.0.0",
          "resolved": "https://registry.npm.taobao.org/ms/download/ms-2.0.0.tgz?cache=0&other_urls=https%3A%2F%2Fregistry.npm.taobao.org%2Fms%2Fdownload%2Fms-2.0.0.tgz",
          "integrity": "sha1-VgiurfwAvmwpAd9fmGF4jeDVl8g="
        }
      }
    },
    "core-util-is": {
      "version": "1.0.2",
      "resolved": "https://registry.npm.taobao.org/core-util-is/download/core-util-is-1.0.2.tgz",
      "integrity": "sha1-tf1UIgqivFq1eqtxQMlAdUUDwac="
    },
    "cssauron": {
      "version": "1.4.0",
      "resolved": "https://registry.npm.taobao.org/cssauron/download/cssauron-1.4.0.tgz",
      "integrity": "sha1-pmAt/34EqDBtwNuaVR6S6LVmKtg=",
      "requires": {
        "through": "X.X.X"
      }
    },
    "debug": {
      "version": "3.2.6",
      "resolved": "https://registry.npm.taobao.org/debug/download/debug-3.2.6.tgz",
      "integrity": "sha1-6D0X3hbYp++3cX7b5fsQE17uYps=",
      "requires": {
        "ms": "^2.1.1"
      }
    },
    "duplexer2": {
      "version": "0.0.2",
      "resolved": "https://registry.npm.taobao.org/duplexer2/download/duplexer2-0.0.2.tgz",
      "integrity": "sha1-xhTc9n4vsUmVqRcR5aYX6KYKMds=",
      "requires": {
        "readable-stream": "~1.1.9"
      }
    },
    "ee-first": {
      "version": "1.1.1",
      "resolved": "https://registry.npm.taobao.org/ee-first/download/ee-first-1.1.1.tgz",
      "integrity": "sha1-WQxhFWsK4vTwJVcyoViyZrxWsh0="
    },
    "encodeurl": {
      "version": "1.0.2",
      "resolved": "https://registry.npm.taobao.org/encodeurl/download/encodeurl-1.0.2.tgz",
      "integrity": "sha1-rT/0yG7C0CkyL1oCw6mmBslbP1k="
    },
    "escape-html": {
      "version": "1.0.3",
      "resolved": "https://registry.npm.taobao.org/escape-html/download/escape-html-1.0.3.tgz",
      "integrity": "sha1-Aljq5NPQwJdN4cFpGI7wBR0dGYg="
    },
    "eventemitter3": {
      "version": "4.0.0",
      "resolved": "https://registry.npm.taobao.org/eventemitter3/download/eventemitter3-4.0.0.tgz",
      "integrity": "sha1-1lF2FjiH7lnzhtZMgmELaWpKdOs="
    },
    "finalhandler": {
      "version": "1.1.2",
      "resolved": "https://registry.npm.taobao.org/finalhandler/download/finalhandler-1.1.2.tgz",
      "integrity": "sha1-t+fQAP/RGTjQ/bBTUG9uur6fWH0=",
      "requires": {
        "debug": "2.6.9",
        "encodeurl": "~1.0.2",
        "escape-html": "~1.0.3",
        "on-finished": "~2.3.0",
        "parseurl": "~1.3.3",
        "statuses": "~1.5.0",
        "unpipe": "~1.0.0"
      },
      "dependencies": {
        "debug": {
          "version": "2.6.9",
          "resolved": "https://registry.npm.taobao.org/debug/download/debug-2.6.9.tgz",
          "integrity": "sha1-XRKFFd8TT/Mn6QpMk/Tgd6U2NB8=",
          "requires": {
            "ms": "2.0.0"
          }
        },
        "ms": {
          "version": "2.0.0",
          "resolved": "https://registry.npm.taobao.org/ms/download/ms-2.0.0.tgz?cache=0&other_urls=https%3A%2F%2Fregistry.npm.taobao.org%2Fms%2Fdownload%2Fms-2.0.0.tgz",
          "integrity": "sha1-VgiurfwAvmwpAd9fmGF4jeDVl8g="
        }
      }
    },
    "follow-redirects": {
      "version": "1.10.0",
      "resolved": "https://registry.npm.taobao.org/follow-redirects/download/follow-redirects-1.10.0.tgz",
      "integrity": "sha1-AfUmOu6SHGpU+5Fmfwj0FVzhaes=",
      "requires": {
        "debug": "^3.0.0"
      }
    },
    "harmon": {
      "version": "1.4.3",
      "resolved": "https://registry.npm.taobao.org/harmon/download/harmon-1.4.3.tgz",
      "integrity": "sha1-GlPQlOYYFEMBvbiXm8hFCfHf5hQ=",
      "requires": {
        "trumpet": "1.7.0"
      }
    },
    "html-select": {
      "version": "2.3.24",
      "resolved": "https://registry.npm.taobao.org/html-select/download/html-select-2.3.24.tgz",
      "integrity": "sha1-Rq1tcS5zLPMcZznV0BEKX6vxdYU=",
      "requires": {
        "cssauron": "^1.1.0",
        "duplexer2": "~0.0.2",
        "inherits": "^2.0.1",
        "minimist": "~0.0.8",
        "readable-stream": "^1.0.27-1",
        "split": "~0.3.0",
        "stream-splicer": "^1.2.0",
        "through2": "^1.0.0"
      }
    },
    "html-tokenize": {
      "version": "1.2.5",
      "resolved": "https://registry.npm.taobao.org/html-tokenize/download/html-tokenize-1.2.5.tgz",
      "integrity": "sha1-flupnstR75Buyaf83ubKMmfHiX4=",
      "requires": {
        "inherits": "~2.0.1",
        "minimist": "~0.0.8",
        "readable-stream": "~1.0.27-1",
        "through2": "~0.4.1"
      },
      "dependencies": {
        "readable-stream": {
          "version": "1.0.34",
          "resolved": "https://registry.npm.taobao.org/readable-stream/download/readable-stream-1.0.34.tgz",
          "integrity": "sha1-Elgg40vIQtLyqq+v5MKRbuMsFXw=",
          "requires": {
            "core-util-is": "~1.0.0",
            "inherits": "~2.0.1",
            "isarray": "0.0.1",
            "string_decoder": "~0.10.x"
          }
        },
        "through2": {
          "version": "0.4.2",
          "resolved": "https://registry.npm.taobao.org/through2/download/through2-0.4.2.tgz",
          "integrity": "sha1-2/WGYDEVHsg1K7bE22SiKSqEC5s=",
          "requires": {
            "readable-stream": "~1.0.17",
            "xtend": "~2.1.1"
          }
        },
        "xtend": {
          "version": "2.1.2",
          "resolved": "https://registry.npm.taobao.org/xtend/download/xtend-2.1.2.tgz",
          "integrity": "sha1-bv7MKk2tjmlixJAbM3znuoe10os=",
          "requires": {
            "object-keys": "~0.4.0"
          }
        }
      }
    },
    "http-proxy": {
      "version": "1.18.0",
      "resolved": "https://registry.npm.taobao.org/http-proxy/download/http-proxy-1.18.0.tgz?cache=0&sync_timestamp=1568770896103&other_urls=https%3A%2F%2Fregistry.npm.taobao.org%2Fhttp-proxy%2Fdownload%2Fhttp-proxy-1.18.0.tgz",
      "integrity": "sha1-2+VfY+daNH2389mZdPJpKjFKajo=",
      "requires": {
        "eventemitter3": "^4.0.0",
        "follow-redirects": "^1.0.0",
        "requires-port": "^1.0.0"
      }
    },
    "indexof": {
      "version": "0.0.1",
      "resolved": "https://registry.npm.taobao.org/indexof/download/indexof-0.0.1.tgz",
      "integrity": "sha1-gtwzbSMrkGIXnQWrMpOmYFn9Q10="
    },
    "inherits": {
      "version": "2.0.4",
      "resolved": "https://registry.npm.taobao.org/inherits/download/inherits-2.0.4.tgz?cache=0&sync_timestamp=1560975547815&other_urls=https%3A%2F%2Fregistry.npm.taobao.org%2Finherits%2Fdownload%2Finherits-2.0.4.tgz",
      "integrity": "sha1-D6LGT5MpF8NDOg3tVTY6rjdBa3w="
    },
    "isarray": {
      "version": "0.0.1",
      "resolved": "https://registry.npm.taobao.org/isarray/download/isarray-0.0.1.tgz?cache=0&sync_timestamp=1562592125418&other_urls=https%3A%2F%2Fregistry.npm.taobao.org%2Fisarray%2Fdownload%2Fisarray-0.0.1.tgz",
      "integrity": "sha1-ihis/Kmo9Bd+Cav8YDiTmwXR7t8="
    },
    "minimist": {
      "version": "0.0.10",
      "resolved": "https://registry.npm.taobao.org/minimist/download/minimist-0.0.10.tgz",
      "integrity": "sha1-3j+YVD2/lggr5IrRoMfNqDYwHc8="
    },
    "ms": {
      "version": "2.1.2",
      "resolved": "https://registry.npm.taobao.org/ms/download/ms-2.1.2.tgz?cache=0&other_urls=https%3A%2F%2Fregistry.npm.taobao.org%2Fms%2Fdownload%2Fms-2.1.2.tgz",
      "integrity": "sha1-0J0fNXtEP0kzgqjrPM0YOHKuYAk="
    },
    "object-keys": {
      "version": "0.4.0",
      "resolved": "https://registry.npm.taobao.org/object-keys/download/object-keys-0.4.0.tgz",
      "integrity": "sha1-KKaq50KN0sOpLz2V8hM13SBOAzY="
    },
    "on-finished": {
      "version": "2.3.0",
      "resolved": "https://registry.npm.taobao.org/on-finished/download/on-finished-2.3.0.tgz",
      "integrity": "sha1-IPEzZIGwg811M3mSoWlxqi2QaUc=",
      "requires": {
        "ee-first": "1.1.1"
      }
    },
    "parseurl": {
      "version": "1.3.3",
      "resolved": "https://registry.npm.taobao.org/parseurl/download/parseurl-1.3.3.tgz",
      "integrity": "sha1-naGee+6NEt/wUT7Vt2lXeTvC6NQ="
    },
    "readable-stream": {
      "version": "1.1.14",
      "resolved": "https://registry.npm.taobao.org/readable-stream/download/readable-stream-1.1.14.tgz",
      "integrity": "sha1-fPTFTvZI44EwhMY23SB54WbAgdk=",
      "requires": {
        "core-util-is": "~1.0.0",
        "inherits": "~2.0.1",
        "isarray": "0.0.1",
        "string_decoder": "~0.10.x"
      }
    },
    "readable-wrap": {
      "version": "1.0.0",
      "resolved": "https://registry.npm.taobao.org/readable-wrap/download/readable-wrap-1.0.0.tgz",
      "integrity": "sha1-O1ohHGMeEjA6VJkcgGwX564ga/8=",
      "requires": {
        "readable-stream": "^1.1.13-1"
      }
    },
    "requires-port": {
      "version": "1.0.0",
      "resolved": "https://registry.npm.taobao.org/requires-port/download/requires-port-1.0.0.tgz",
      "integrity": "sha1-kl0mAdOaxIXgkc8NpcbmlNw9yv8="
    },
    "split": {
      "version": "0.3.3",
      "resolved": "https://registry.npm.taobao.org/split/download/split-0.3.3.tgz",
      "integrity": "sha1-zQ7qXmOiEd//frDwkcQTPi0N0o8=",
      "requires": {
        "through": "2"
      }
    },
    "statuses": {
      "version": "1.5.0",
      "resolved": "https://registry.npm.taobao.org/statuses/download/statuses-1.5.0.tgz",
      "integrity": "sha1-Fhx9rBd2Wf2YEfQ3cfqZOBR4Yow="
    },
    "stream-splicer": {
      "version": "1.3.2",
      "resolved": "https://registry.npm.taobao.org/stream-splicer/download/stream-splicer-1.3.2.tgz",
      "integrity": "sha1-PARBvhW5v04iYnXm3IOWR0VUZmE=",
      "requires": {
        "indexof": "0.0.1",
        "inherits": "^2.0.1",
        "isarray": "~0.0.1",
        "readable-stream": "^1.1.13-1",
        "readable-wrap": "^1.0.0",
        "through2": "^1.0.0"
      }
    },
    "string_decoder": {
      "version": "0.10.31",
      "resolved": "https://registry.npm.taobao.org/string_decoder/download/string_decoder-0.10.31.tgz",
      "integrity": "sha1-YuIDvEF2bGwoyfyEMB2rHFMQ+pQ="
    },
    "through": {
      "version": "2.3.8",
      "resolved": "https://registry.npm.taobao.org/through/download/through-2.3.8.tgz",
      "integrity": "sha1-DdTJ/6q8NXlgsbckEV1+Doai4fU="
    },
    "through2": {
      "version": "1.1.1",
      "resolved": "https://registry.npm.taobao.org/through2/download/through2-1.1.1.tgz",
      "integrity": "sha1-CEfLxESfNAVXTb3M2buEG4OsNUU=",
      "requires": {
        "readable-stream": ">=1.1.13-1 <1.2.0-0",
        "xtend": ">=4.0.0 <4.1.0-0"
      }
    },
    "trumpet": {
      "version": "1.7.0",
      "resolved": "https://registry.npm.taobao.org/trumpet/download/trumpet-1.7.0.tgz",
      "integrity": "sha1-XM4CujvWZdaUv0kCyh29RXm7pgw=",
      "requires": {
        "duplexer2": "~0.0.2",
        "html-select": "^2.3.5",
        "html-tokenize": "^1.1.1",
        "inherits": "^2.0.0",
        "readable-stream": "^1.0.27-1",
        "through2": "^1.0.0"
      }
    },
    "unpipe": {
      "version": "1.0.0",
      "resolved": "https://registry.npm.taobao.org/unpipe/download/unpipe-1.0.0.tgz",
      "integrity": "sha1-sr9O6FFKrmFltIF4KdIbLvSZBOw="
    },
    "utils-merge": {
      "version": "1.0.1",
      "resolved": "https://registry.npm.taobao.org/utils-merge/download/utils-merge-1.0.1.tgz",
      "integrity": "sha1-n5VxD1CiZ5R7LMwSR0HBAoQn5xM="
    },
    "xtend": {
      "version": "4.0.2",
      "resolved": "https://registry.npm.taobao.org/xtend/download/xtend-4.0.2.tgz",
      "integrity": "sha1-u3J3n1+kZRhrH0OPZ0+jR/2121Q="
    }
  }
}
